
Microsoft Visual Studio Solution File, Format Version 12.00
# Visual Studio Version 16
VisualStudioVersion = 16.0.31205.134
MinimumVisualStudioVersion = 10.0.40219.1
Project("{FAE04EC0-301F-11D3-BF4B-00C04F79EFBC}") = "Testes", "Testes\Testes.csproj", "{3C4B63AD-137C-4C2A-947C-D5BAB0C2E613}"
EndProject
Global
	GlobalSection(SolutionConfigurationPlatforms) = preSolution
		Debug|Any CPU = Debug|Any CPU
		Release|Any CPU = Release|Any CPU
	EndGlobalSection
	GlobalSection(ProjectConfigurationPlatforms) = postSolution
		{3C4B63AD-137C-4C2A-947C-D5BAB0C2E613}.Debug|Any CPU.ActiveCfg = Debug|Any CPU
		{3C4B63AD-137C-4C2A-947C-D5BAB0C2E613}.Debug|Any CPU.Build.0 = Debug|Any CPU
		{3C4B63AD-137C-4C2A-947C-D5BAB0C2E613}.Release|Any CPU.ActiveCfg = Release|Any CPU
		{3C4B63AD-137C-4C2A-947C-D5BAB0C2E613}.Release|Any CPU.Build.0 = Release|Any CPU
	EndGlobalSection
	GlobalSection(SolutionProperties) = preSolution
		HideSolutionNode = FALSE
	EndGlobalSection
	GlobalSection(ExtensibilityGlobals) = postSolution
		SolutionGuid = {52DA8A26-E030-4118-982A-DC0B8A39543A}
	EndGlobalSection
EndGlobal
