
Microsoft Visual Studio Solution File, Format Version 12.00
# Visual Studio Version 16
VisualStudioVersion = 16.0.31205.134
MinimumVisualStudioVersion = 10.0.40219.1
Project("{FAE04EC0-301F-11D3-BF4B-00C04F79EFBC}") = "Banco", "Banco\Banco.csproj", "{3FE1E1D8-C0F1-46B0-840F-97E626669722}"
EndProject
Project("{2150E333-8FDC-42A3-9474-1A3956D46DE8}") = "Solution Items", "Solution Items", "{FBD3B2D8-0029-45B3-8B03-FE1A5611CCD7}"
	ProjectSection(SolutionItems) = preProject
		.editorconfig = .editorconfig
	EndProjectSection
EndProject
Global
	GlobalSection(SolutionConfigurationPlatforms) = preSolution
		Debug|Any CPU = Debug|Any CPU
		Release|Any CPU = Release|Any CPU
	EndGlobalSection
	GlobalSection(ProjectConfigurationPlatforms) = postSolution
		{3FE1E1D8-C0F1-46B0-840F-97E626669722}.Debug|Any CPU.ActiveCfg = Debug|Any CPU
		{3FE1E1D8-C0F1-46B0-840F-97E626669722}.Debug|Any CPU.Build.0 = Debug|Any CPU
		{3FE1E1D8-C0F1-46B0-840F-97E626669722}.Release|Any CPU.ActiveCfg = Release|Any CPU
		{3FE1E1D8-C0F1-46B0-840F-97E626669722}.Release|Any CPU.Build.0 = Release|Any CPU
	EndGlobalSection
	GlobalSection(SolutionProperties) = preSolution
		HideSolutionNode = FALSE
	EndGlobalSection
	GlobalSection(ExtensibilityGlobals) = postSolution
		SolutionGuid = {07FF3793-409E-4077-99DE-8CD353C992EC}
	EndGlobalSection
EndGlobal
